
Microsoft Visual Studio Solution File, Format Version 12.00
# Visual Studio 14
VisualStudioVersion = 14.0.24720.0
MinimumVisualStudioVersion = 10.0.40219.1
Project("{FAE04EC0-301F-11D3-BF4B-00C04F79EFBC}") = "LacunaExpanse.Droid", "LacunaExpanse\LacunaExpanse.Droid\LacunaExpanse.Droid.csproj", "{E3814CAF-87C2-4328-A5D0-0F83533B1D26}"
EndProject
Project("{FAE04EC0-301F-11D3-BF4B-00C04F79EFBC}") = "LacunaExpanse.iOS", "LacunaExpanse\LacunaExpanse.iOS\LacunaExpanse.iOS.csproj", "{D59D3A94-060C-408E-A5C9-5EA5CE82EE45}"
EndProject
Project("{FAE04EC0-301F-11D3-BF4B-00C04F79EFBC}") = "LacunaExpanse.WinPhone", "LacunaExpanse\LacunaExpanse.WinPhone\LacunaExpanse.WinPhone.csproj", "{DED9A0A5-0CB5-4485-BB41-B983CD90F77D}"
EndProject
Project("{FAE04EC0-301F-11D3-BF4B-00C04F79EFBC}") = "LacunaExpanse", "LacunaExpanse\LacunaExpanse\LacunaExpanse.csproj", "{0B49BEB4-F88B-48DA-89F4-605380FFE5C7}"
EndProject
Project("{FAE04EC0-301F-11D3-BF4B-00C04F79EFBC}") = "LacunaExpanseAPIWrapper", "LacunaExpanseAPIWrapper\LacunaExpanseAPIWrapper.csproj", "{2454B06C-C916-4388-A8F1-635BD447CBC5}"
EndProject
Global
	GlobalSection(SolutionConfigurationPlatforms) = preSolution
		Ad-Hoc|Any CPU = Ad-Hoc|Any CPU
		Ad-Hoc|ARM = Ad-Hoc|ARM
		Ad-Hoc|iPhone = Ad-Hoc|iPhone
		Ad-Hoc|iPhoneSimulator = Ad-Hoc|iPhoneSimulator
		Ad-Hoc|x86 = Ad-Hoc|x86
		AppStore|Any CPU = AppStore|Any CPU
		AppStore|ARM = AppStore|ARM
		AppStore|iPhone = AppStore|iPhone
		AppStore|iPhoneSimulator = AppStore|iPhoneSimulator
		AppStore|x86 = AppStore|x86
		Debug|Any CPU = Debug|Any CPU
		Debug|ARM = Debug|ARM
		Debug|iPhone = Debug|iPhone
		Debug|iPhoneSimulator = Debug|iPhoneSimulator
		Debug|x86 = Debug|x86
		Release|Any CPU = Release|Any CPU
		Release|ARM = Release|ARM
		Release|iPhone = Release|iPhone
		Release|iPhoneSimulator = Release|iPhoneSimulator
		Release|x86 = Release|x86
	EndGlobalSection
	GlobalSection(ProjectConfigurationPlatforms) = postSolution
		{E3814CAF-87C2-4328-A5D0-0F83533B1D26}.Ad-Hoc|Any CPU.ActiveCfg = Release|Any CPU
		{E3814CAF-87C2-4328-A5D0-0F83533B1D26}.Ad-Hoc|Any CPU.Build.0 = Release|Any CPU
		{E3814CAF-87C2-4328-A5D0-0F83533B1D26}.Ad-Hoc|Any CPU.Deploy.0 = Release|Any CPU
		{E3814CAF-87C2-4328-A5D0-0F83533B1D26}.Ad-Hoc|ARM.ActiveCfg = Release|Any CPU
		{E3814CAF-87C2-4328-A5D0-0F83533B1D26}.Ad-Hoc|ARM.Build.0 = Release|Any CPU
		{E3814CAF-87C2-4328-A5D0-0F83533B1D26}.Ad-Hoc|ARM.Deploy.0 = Release|Any CPU
		{E3814CAF-87C2-4328-A5D0-0F83533B1D26}.Ad-Hoc|iPhone.ActiveCfg = Release|Any CPU
		{E3814CAF-87C2-4328-A5D0-0F83533B1D26}.Ad-Hoc|iPhone.Build.0 = Release|Any CPU
		{E3814CAF-87C2-4328-A5D0-0F83533B1D26}.Ad-Hoc|iPhone.Deploy.0 = Release|Any CPU
		{E3814CAF-87C2-4328-A5D0-0F83533B1D26}.Ad-Hoc|iPhoneSimulator.ActiveCfg = Release|Any CPU
		{E3814CAF-87C2-4328-A5D0-0F83533B1D26}.Ad-Hoc|iPhoneSimulator.Build.0 = Release|Any CPU
		{E3814CAF-87C2-4328-A5D0-0F83533B1D26}.Ad-Hoc|iPhoneSimulator.Deploy.0 = Release|Any CPU
		{E3814CAF-87C2-4328-A5D0-0F83533B1D26}.Ad-Hoc|x86.ActiveCfg = Release|Any CPU
		{E3814CAF-87C2-4328-A5D0-0F83533B1D26}.Ad-Hoc|x86.Build.0 = Release|Any CPU
		{E3814CAF-87C2-4328-A5D0-0F83533B1D26}.Ad-Hoc|x86.Deploy.0 = Release|Any CPU
		{E3814CAF-87C2-4328-A5D0-0F83533B1D26}.AppStore|Any CPU.ActiveCfg = Release|Any CPU
		{E3814CAF-87C2-4328-A5D0-0F83533B1D26}.AppStore|Any CPU.Build.0 = Release|Any CPU
		{E3814CAF-87C2-4328-A5D0-0F83533B1D26}.AppStore|Any CPU.Deploy.0 = Release|Any CPU
		{E3814CAF-87C2-4328-A5D0-0F83533B1D26}.AppStore|ARM.ActiveCfg = Release|Any CPU
		{E3814CAF-87C2-4328-A5D0-0F83533B1D26}.AppStore|ARM.Build.0 = Release|Any CPU
		{E3814CAF-87C2-4328-A5D0-0F83533B1D26}.AppStore|ARM.Deploy.0 = Release|Any CPU
		{E3814CAF-87C2-4328-A5D0-0F83533B1D26}.AppStore|iPhone.ActiveCfg = Release|Any CPU
		{E3814CAF-87C2-4328-A5D0-0F83533B1D26}.AppStore|iPhone.Build.0 = Release|Any CPU
		{E3814CAF-87C2-4328-A5D0-0F83533B1D26}.AppStore|iPhone.Deploy.0 = Release|Any CPU
		{E3814CAF-87C2-4328-A5D0-0F83533B1D26}.AppStore|iPhoneSimulator.ActiveCfg = Release|Any CPU
		{E3814CAF-87C2-4328-A5D0-0F83533B1D26}.AppStore|iPhoneSimulator.Build.0 = Release|Any CPU
		{E3814CAF-87C2-4328-A5D0-0F83533B1D26}.AppStore|iPhoneSimulator.Deploy.0 = Release|Any CPU
		{E3814CAF-87C2-4328-A5D0-0F83533B1D26}.AppStore|x86.ActiveCfg = Release|Any CPU
		{E3814CAF-87C2-4328-A5D0-0F83533B1D26}.AppStore|x86.Build.0 = Release|Any CPU
		{E3814CAF-87C2-4328-A5D0-0F83533B1D26}.AppStore|x86.Deploy.0 = Release|Any CPU
		{E3814CAF-87C2-4328-A5D0-0F83533B1D26}.Debug|Any CPU.ActiveCfg = Debug|Any CPU
		{E3814CAF-87C2-4328-A5D0-0F83533B1D26}.Debug|Any CPU.Build.0 = Debug|Any CPU
		{E3814CAF-87C2-4328-A5D0-0F83533B1D26}.Debug|Any CPU.Deploy.0 = Debug|Any CPU
		{E3814CAF-87C2-4328-A5D0-0F83533B1D26}.Debug|ARM.ActiveCfg = Debug|Any CPU
		{E3814CAF-87C2-4328-A5D0-0F83533B1D26}.Debug|ARM.Build.0 = Debug|Any CPU
		{E3814CAF-87C2-4328-A5D0-0F83533B1D26}.Debug|ARM.Deploy.0 = Debug|Any CPU
		{E3814CAF-87C2-4328-A5D0-0F83533B1D26}.Debug|iPhone.ActiveCfg = Debug|Any CPU
		{E3814CAF-87C2-4328-A5D0-0F83533B1D26}.Debug|iPhone.Build.0 = Debug|Any CPU
		{E3814CAF-87C2-4328-A5D0-0F83533B1D26}.Debug|iPhone.Deploy.0 = Debug|Any CPU
		{E3814CAF-87C2-4328-A5D0-0F83533B1D26}.Debug|iPhoneSimulator.ActiveCfg = Debug|Any CPU
		{E3814CAF-87C2-4328-A5D0-0F83533B1D26}.Debug|iPhoneSimulator.Build.0 = Debug|Any CPU
		{E3814CAF-87C2-4328-A5D0-0F83533B1D26}.Debug|iPhoneSimulator.Deploy.0 = Debug|Any CPU
		{E3814CAF-87C2-4328-A5D0-0F83533B1D26}.Debug|x86.ActiveCfg = Debug|Any CPU
		{E3814CAF-87C2-4328-A5D0-0F83533B1D26}.Debug|x86.Build.0 = Debug|Any CPU
		{E3814CAF-87C2-4328-A5D0-0F83533B1D26}.Debug|x86.Deploy.0 = Debug|Any CPU
		{E3814CAF-87C2-4328-A5D0-0F83533B1D26}.Release|Any CPU.ActiveCfg = Release|Any CPU
		{E3814CAF-87C2-4328-A5D0-0F83533B1D26}.Release|Any CPU.Build.0 = Release|Any CPU
		{E3814CAF-87C2-4328-A5D0-0F83533B1D26}.Release|Any CPU.Deploy.0 = Release|Any CPU
		{E3814CAF-87C2-4328-A5D0-0F83533B1D26}.Release|ARM.ActiveCfg = Release|Any CPU
		{E3814CAF-87C2-4328-A5D0-0F83533B1D26}.Release|ARM.Build.0 = Release|Any CPU
		{E3814CAF-87C2-4328-A5D0-0F83533B1D26}.Release|ARM.Deploy.0 = Release|Any CPU
		{E3814CAF-87C2-4328-A5D0-0F83533B1D26}.Release|iPhone.ActiveCfg = Release|Any CPU
		{E3814CAF-87C2-4328-A5D0-0F83533B1D26}.Release|iPhone.Build.0 = Release|Any CPU
		{E3814CAF-87C2-4328-A5D0-0F83533B1D26}.Release|iPhone.Deploy.0 = Release|Any CPU
		{E3814CAF-87C2-4328-A5D0-0F83533B1D26}.Release|iPhoneSimulator.ActiveCfg = Release|Any CPU
		{E3814CAF-87C2-4328-A5D0-0F83533B1D26}.Release|iPhoneSimulator.Build.0 = Release|Any CPU
		{E3814CAF-87C2-4328-A5D0-0F83533B1D26}.Release|iPhoneSimulator.Deploy.0 = Release|Any CPU
		{E3814CAF-87C2-4328-A5D0-0F83533B1D26}.Release|x86.ActiveCfg = Release|Any CPU
		{E3814CAF-87C2-4328-A5D0-0F83533B1D26}.Release|x86.Build.0 = Release|Any CPU
		{E3814CAF-87C2-4328-A5D0-0F83533B1D26}.Release|x86.Deploy.0 = Release|Any CPU
		{D59D3A94-060C-408E-A5C9-5EA5CE82EE45}.Ad-Hoc|Any CPU.ActiveCfg = Ad-Hoc|iPhone
		{D59D3A94-060C-408E-A5C9-5EA5CE82EE45}.Ad-Hoc|ARM.ActiveCfg = Ad-Hoc|iPhone
		{D59D3A94-060C-408E-A5C9-5EA5CE82EE45}.Ad-Hoc|iPhone.ActiveCfg = Ad-Hoc|iPhone
		{D59D3A94-060C-408E-A5C9-5EA5CE82EE45}.Ad-Hoc|iPhone.Build.0 = Ad-Hoc|iPhone
		{D59D3A94-060C-408E-A5C9-5EA5CE82EE45}.Ad-Hoc|iPhoneSimulator.ActiveCfg = Ad-Hoc|iPhoneSimulator
		{D59D3A94-060C-408E-A5C9-5EA5CE82EE45}.Ad-Hoc|iPhoneSimulator.Build.0 = Ad-Hoc|iPhoneSimulator
		{D59D3A94-060C-408E-A5C9-5EA5CE82EE45}.Ad-Hoc|x86.ActiveCfg = Ad-Hoc|iPhone
		{D59D3A94-060C-408E-A5C9-5EA5CE82EE45}.AppStore|Any CPU.ActiveCfg = AppStore|iPhone
		{D59D3A94-060C-408E-A5C9-5EA5CE82EE45}.AppStore|ARM.ActiveCfg = AppStore|iPhone
		{D59D3A94-060C-408E-A5C9-5EA5CE82EE45}.AppStore|iPhone.ActiveCfg = AppStore|iPhone
		{D59D3A94-060C-408E-A5C9-5EA5CE82EE45}.AppStore|iPhone.Build.0 = AppStore|iPhone
		{D59D3A94-060C-408E-A5C9-5EA5CE82EE45}.AppStore|iPhoneSimulator.ActiveCfg = AppStore|iPhoneSimulator
		{D59D3A94-060C-408E-A5C9-5EA5CE82EE45}.AppStore|iPhoneSimulator.Build.0 = AppStore|iPhoneSimulator
		{D59D3A94-060C-408E-A5C9-5EA5CE82EE45}.AppStore|x86.ActiveCfg = AppStore|iPhone
		{D59D3A94-060C-408E-A5C9-5EA5CE82EE45}.Debug|Any CPU.ActiveCfg = Debug|iPhone
		{D59D3A94-060C-408E-A5C9-5EA5CE82EE45}.Debug|ARM.ActiveCfg = Debug|iPhone
		{D59D3A94-060C-408E-A5C9-5EA5CE82EE45}.Debug|iPhone.ActiveCfg = Debug|iPhone
		{D59D3A94-060C-408E-A5C9-5EA5CE82EE45}.Debug|iPhone.Build.0 = Debug|iPhone
		{D59D3A94-060C-408E-A5C9-5EA5CE82EE45}.Debug|iPhoneSimulator.ActiveCfg = Debug|iPhoneSimulator
		{D59D3A94-060C-408E-A5C9-5EA5CE82EE45}.Debug|iPhoneSimulator.Build.0 = Debug|iPhoneSimulator
		{D59D3A94-060C-408E-A5C9-5EA5CE82EE45}.Debug|x86.ActiveCfg = Debug|iPhone
		{D59D3A94-060C-408E-A5C9-5EA5CE82EE45}.Release|Any CPU.ActiveCfg = Release|iPhone
		{D59D3A94-060C-408E-A5C9-5EA5CE82EE45}.Release|ARM.ActiveCfg = Release|iPhone
		{D59D3A94-060C-408E-A5C9-5EA5CE82EE45}.Release|iPhone.ActiveCfg = Release|iPhone
		{D59D3A94-060C-408E-A5C9-5EA5CE82EE45}.Release|iPhone.Build.0 = Release|iPhone
		{D59D3A94-060C-408E-A5C9-5EA5CE82EE45}.Release|iPhoneSimulator.ActiveCfg = Release|iPhoneSimulator
		{D59D3A94-060C-408E-A5C9-5EA5CE82EE45}.Release|iPhoneSimulator.Build.0 = Release|iPhoneSimulator
		{D59D3A94-060C-408E-A5C9-5EA5CE82EE45}.Release|x86.ActiveCfg = Release|iPhone
		{DED9A0A5-0CB5-4485-BB41-B983CD90F77D}.Ad-Hoc|Any CPU.ActiveCfg = Release|Any CPU
		{DED9A0A5-0CB5-4485-BB41-B983CD90F77D}.Ad-Hoc|Any CPU.Build.0 = Release|Any CPU
		{DED9A0A5-0CB5-4485-BB41-B983CD90F77D}.Ad-Hoc|Any CPU.Deploy.0 = Release|Any CPU
		{DED9A0A5-0CB5-4485-BB41-B983CD90F77D}.Ad-Hoc|ARM.ActiveCfg = Release|ARM
		{DED9A0A5-0CB5-4485-BB41-B983CD90F77D}.Ad-Hoc|ARM.Build.0 = Release|ARM
		{DED9A0A5-0CB5-4485-BB41-B983CD90F77D}.Ad-Hoc|ARM.Deploy.0 = Release|ARM
		{DED9A0A5-0CB5-4485-BB41-B983CD90F77D}.Ad-Hoc|iPhone.ActiveCfg = Release|Any CPU
		{DED9A0A5-0CB5-4485-BB41-B983CD90F77D}.Ad-Hoc|iPhone.Build.0 = Release|Any CPU
		{DED9A0A5-0CB5-4485-BB41-B983CD90F77D}.Ad-Hoc|iPhone.Deploy.0 = Release|Any CPU
		{DED9A0A5-0CB5-4485-BB41-B983CD90F77D}.Ad-Hoc|iPhoneSimulator.ActiveCfg = Release|Any CPU
		{DED9A0A5-0CB5-4485-BB41-B983CD90F77D}.Ad-Hoc|iPhoneSimulator.Build.0 = Release|Any CPU
		{DED9A0A5-0CB5-4485-BB41-B983CD90F77D}.Ad-Hoc|iPhoneSimulator.Deploy.0 = Release|Any CPU
		{DED9A0A5-0CB5-4485-BB41-B983CD90F77D}.Ad-Hoc|x86.ActiveCfg = Release|x86
		{DED9A0A5-0CB5-4485-BB41-B983CD90F77D}.Ad-Hoc|x86.Build.0 = Release|x86
		{DED9A0A5-0CB5-4485-BB41-B983CD90F77D}.Ad-Hoc|x86.Deploy.0 = Release|x86
		{DED9A0A5-0CB5-4485-BB41-B983CD90F77D}.AppStore|Any CPU.ActiveCfg = Release|Any CPU
		{DED9A0A5-0CB5-4485-BB41-B983CD90F77D}.AppStore|Any CPU.Build.0 = Release|Any CPU
		{DED9A0A5-0CB5-4485-BB41-B983CD90F77D}.AppStore|Any CPU.Deploy.0 = Release|Any CPU
		{DED9A0A5-0CB5-4485-BB41-B983CD90F77D}.AppStore|ARM.ActiveCfg = Release|ARM
		{DED9A0A5-0CB5-4485-BB41-B983CD90F77D}.AppStore|ARM.Build.0 = Release|ARM
		{DED9A0A5-0CB5-4485-BB41-B983CD90F77D}.AppStore|ARM.Deploy.0 = Release|ARM
		{DED9A0A5-0CB5-4485-BB41-B983CD90F77D}.AppStore|iPhone.ActiveCfg = Release|Any CPU
		{DED9A0A5-0CB5-4485-BB41-B983CD90F77D}.AppStore|iPhone.Build.0 = Release|Any CPU
		{DED9A0A5-0CB5-4485-BB41-B983CD90F77D}.AppStore|iPhone.Deploy.0 = Release|Any CPU
		{DED9A0A5-0CB5-4485-BB41-B983CD90F77D}.AppStore|iPhoneSimulator.ActiveCfg = Release|Any CPU
		{DED9A0A5-0CB5-4485-BB41-B983CD90F77D}.AppStore|iPhoneSimulator.Build.0 = Release|Any CPU
		{DED9A0A5-0CB5-4485-BB41-B983CD90F77D}.AppStore|iPhoneSimulator.Deploy.0 = Release|Any CPU
		{DED9A0A5-0CB5-4485-BB41-B983CD90F77D}.AppStore|x86.ActiveCfg = Release|x86
		{DED9A0A5-0CB5-4485-BB41-B983CD90F77D}.AppStore|x86.Build.0 = Release|x86
		{DED9A0A5-0CB5-4485-BB41-B983CD90F77D}.AppStore|x86.Deploy.0 = Release|x86
		{DED9A0A5-0CB5-4485-BB41-B983CD90F77D}.Debug|Any CPU.ActiveCfg = Debug|Any CPU
		{DED9A0A5-0CB5-4485-BB41-B983CD90F77D}.Debug|Any CPU.Build.0 = Debug|Any CPU
		{DED9A0A5-0CB5-4485-BB41-B983CD90F77D}.Debug|Any CPU.Deploy.0 = Debug|Any CPU
		{DED9A0A5-0CB5-4485-BB41-B983CD90F77D}.Debug|ARM.ActiveCfg = Debug|ARM
		{DED9A0A5-0CB5-4485-BB41-B983CD90F77D}.Debug|ARM.Build.0 = Debug|ARM
		{DED9A0A5-0CB5-4485-BB41-B983CD90F77D}.Debug|ARM.Deploy.0 = Debug|ARM
		{DED9A0A5-0CB5-4485-BB41-B983CD90F77D}.Debug|iPhone.ActiveCfg = Debug|Any CPU
		{DED9A0A5-0CB5-4485-BB41-B983CD90F77D}.Debug|iPhone.Build.0 = Debug|Any CPU
		{DED9A0A5-0CB5-4485-BB41-B983CD90F77D}.Debug|iPhone.Deploy.0 = Debug|Any CPU
		{DED9A0A5-0CB5-4485-BB41-B983CD90F77D}.Debug|iPhoneSimulator.ActiveCfg = Debug|Any CPU
		{DED9A0A5-0CB5-4485-BB41-B983CD90F77D}.Debug|iPhoneSimulator.Build.0 = Debug|Any CPU
		{DED9A0A5-0CB5-4485-BB41-B983CD90F77D}.Debug|iPhoneSimulator.Deploy.0 = Debug|Any CPU
		{DED9A0A5-0CB5-4485-BB41-B983CD90F77D}.Debug|x86.ActiveCfg = Debug|x86
		{DED9A0A5-0CB5-4485-BB41-B983CD90F77D}.Debug|x86.Build.0 = Debug|x86
		{DED9A0A5-0CB5-4485-BB41-B983CD90F77D}.Debug|x86.Deploy.0 = Debug|x86
		{DED9A0A5-0CB5-4485-BB41-B983CD90F77D}.Release|Any CPU.ActiveCfg = Release|Any CPU
		{DED9A0A5-0CB5-4485-BB41-B983CD90F77D}.Release|Any CPU.Build.0 = Release|Any CPU
		{DED9A0A5-0CB5-4485-BB41-B983CD90F77D}.Release|Any CPU.Deploy.0 = Release|Any CPU
		{DED9A0A5-0CB5-4485-BB41-B983CD90F77D}.Release|ARM.ActiveCfg = Release|ARM
		{DED9A0A5-0CB5-4485-BB41-B983CD90F77D}.Release|ARM.Build.0 = Release|ARM
		{DED9A0A5-0CB5-4485-BB41-B983CD90F77D}.Release|ARM.Deploy.0 = Release|ARM
		{DED9A0A5-0CB5-4485-BB41-B983CD90F77D}.Release|iPhone.ActiveCfg = Release|Any CPU
		{DED9A0A5-0CB5-4485-BB41-B983CD90F77D}.Release|iPhone.Build.0 = Release|Any CPU
		{DED9A0A5-0CB5-4485-BB41-B983CD90F77D}.Release|iPhone.Deploy.0 = Release|Any CPU
		{DED9A0A5-0CB5-4485-BB41-B983CD90F77D}.Release|iPhoneSimulator.ActiveCfg = Release|Any CPU
		{DED9A0A5-0CB5-4485-BB41-B983CD90F77D}.Release|iPhoneSimulator.Build.0 = Release|Any CPU
		{DED9A0A5-0CB5-4485-BB41-B983CD90F77D}.Release|iPhoneSimulator.Deploy.0 = Release|Any CPU
		{DED9A0A5-0CB5-4485-BB41-B983CD90F77D}.Release|x86.ActiveCfg = Release|x86
		{DED9A0A5-0CB5-4485-BB41-B983CD90F77D}.Release|x86.Build.0 = Release|x86
		{DED9A0A5-0CB5-4485-BB41-B983CD90F77D}.Release|x86.Deploy.0 = Release|x86
		{0B49BEB4-F88B-48DA-89F4-605380FFE5C7}.Ad-Hoc|Any CPU.ActiveCfg = Release|Any CPU
		{0B49BEB4-F88B-48DA-89F4-605380FFE5C7}.Ad-Hoc|Any CPU.Build.0 = Release|Any CPU
		{0B49BEB4-F88B-48DA-89F4-605380FFE5C7}.Ad-Hoc|ARM.ActiveCfg = Release|Any CPU
		{0B49BEB4-F88B-48DA-89F4-605380FFE5C7}.Ad-Hoc|ARM.Build.0 = Release|Any CPU
		{0B49BEB4-F88B-48DA-89F4-605380FFE5C7}.Ad-Hoc|iPhone.ActiveCfg = Release|Any CPU
		{0B49BEB4-F88B-48DA-89F4-605380FFE5C7}.Ad-Hoc|iPhone.Build.0 = Release|Any CPU
		{0B49BEB4-F88B-48DA-89F4-605380FFE5C7}.Ad-Hoc|iPhoneSimulator.ActiveCfg = Release|Any CPU
		{0B49BEB4-F88B-48DA-89F4-605380FFE5C7}.Ad-Hoc|iPhoneSimulator.Build.0 = Release|Any CPU
		{0B49BEB4-F88B-48DA-89F4-605380FFE5C7}.Ad-Hoc|x86.ActiveCfg = Release|Any CPU
		{0B49BEB4-F88B-48DA-89F4-605380FFE5C7}.Ad-Hoc|x86.Build.0 = Release|Any CPU
		{0B49BEB4-F88B-48DA-89F4-605380FFE5C7}.AppStore|Any CPU.ActiveCfg = Release|Any CPU
		{0B49BEB4-F88B-48DA-89F4-605380FFE5C7}.AppStore|Any CPU.Build.0 = Release|Any CPU
		{0B49BEB4-F88B-48DA-89F4-605380FFE5C7}.AppStore|ARM.ActiveCfg = Release|Any CPU
		{0B49BEB4-F88B-48DA-89F4-605380FFE5C7}.AppStore|ARM.Build.0 = Release|Any CPU
		{0B49BEB4-F88B-48DA-89F4-605380FFE5C7}.AppStore|iPhone.ActiveCfg = Release|Any CPU
		{0B49BEB4-F88B-48DA-89F4-605380FFE5C7}.AppStore|iPhone.Build.0 = Release|Any CPU
		{0B49BEB4-F88B-48DA-89F4-605380FFE5C7}.AppStore|iPhoneSimulator.ActiveCfg = Release|Any CPU
		{0B49BEB4-F88B-48DA-89F4-605380FFE5C7}.AppStore|iPhoneSimulator.Build.0 = Release|Any CPU
		{0B49BEB4-F88B-48DA-89F4-605380FFE5C7}.AppStore|x86.ActiveCfg = Release|Any CPU
		{0B49BEB4-F88B-48DA-89F4-605380FFE5C7}.AppStore|x86.Build.0 = Release|Any CPU
		{0B49BEB4-F88B-48DA-89F4-605380FFE5C7}.Debug|Any CPU.ActiveCfg = Debug|Any CPU
		{0B49BEB4-F88B-48DA-89F4-605380FFE5C7}.Debug|Any CPU.Build.0 = Debug|Any CPU
		{0B49BEB4-F88B-48DA-89F4-605380FFE5C7}.Debug|ARM.ActiveCfg = Debug|Any CPU
		{0B49BEB4-F88B-48DA-89F4-605380FFE5C7}.Debug|ARM.Build.0 = Debug|Any CPU
		{0B49BEB4-F88B-48DA-89F4-605380FFE5C7}.Debug|iPhone.ActiveCfg = Debug|Any CPU
		{0B49BEB4-F88B-48DA-89F4-605380FFE5C7}.Debug|iPhone.Build.0 = Debug|Any CPU
		{0B49BEB4-F88B-48DA-89F4-605380FFE5C7}.Debug|iPhoneSimulator.ActiveCfg = Debug|Any CPU
		{0B49BEB4-F88B-48DA-89F4-605380FFE5C7}.Debug|iPhoneSimulator.Build.0 = Debug|Any CPU
		{0B49BEB4-F88B-48DA-89F4-605380FFE5C7}.Debug|x86.ActiveCfg = Debug|Any CPU
		{0B49BEB4-F88B-48DA-89F4-605380FFE5C7}.Debug|x86.Build.0 = Debug|Any CPU
		{0B49BEB4-F88B-48DA-89F4-605380FFE5C7}.Release|Any CPU.ActiveCfg = Release|Any CPU
		{0B49BEB4-F88B-48DA-89F4-605380FFE5C7}.Release|Any CPU.Build.0 = Release|Any CPU
		{0B49BEB4-F88B-48DA-89F4-605380FFE5C7}.Release|ARM.ActiveCfg = Release|Any CPU
		{0B49BEB4-F88B-48DA-89F4-605380FFE5C7}.Release|ARM.Build.0 = Release|Any CPU
		{0B49BEB4-F88B-48DA-89F4-605380FFE5C7}.Release|iPhone.ActiveCfg = Release|Any CPU
		{0B49BEB4-F88B-48DA-89F4-605380FFE5C7}.Release|iPhone.Build.0 = Release|Any CPU
		{0B49BEB4-F88B-48DA-89F4-605380FFE5C7}.Release|iPhoneSimulator.ActiveCfg = Release|Any CPU
		{0B49BEB4-F88B-48DA-89F4-605380FFE5C7}.Release|iPhoneSimulator.Build.0 = Release|Any CPU
		{0B49BEB4-F88B-48DA-89F4-605380FFE5C7}.Release|x86.ActiveCfg = Release|Any CPU
		{0B49BEB4-F88B-48DA-89F4-605380FFE5C7}.Release|x86.Build.0 = Release|Any CPU
		{2454B06C-C916-4388-A8F1-635BD447CBC5}.Ad-Hoc|Any CPU.ActiveCfg = Release|Any CPU
		{2454B06C-C916-4388-A8F1-635BD447CBC5}.Ad-Hoc|Any CPU.Build.0 = Release|Any CPU
		{2454B06C-C916-4388-A8F1-635BD447CBC5}.Ad-Hoc|ARM.ActiveCfg = Release|Any CPU
		{2454B06C-C916-4388-A8F1-635BD447CBC5}.Ad-Hoc|ARM.Build.0 = Release|Any CPU
		{2454B06C-C916-4388-A8F1-635BD447CBC5}.Ad-Hoc|iPhone.ActiveCfg = Release|Any CPU
		{2454B06C-C916-4388-A8F1-635BD447CBC5}.Ad-Hoc|iPhone.Build.0 = Release|Any CPU
		{2454B06C-C916-4388-A8F1-635BD447CBC5}.Ad-Hoc|iPhoneSimulator.ActiveCfg = Release|Any CPU
		{2454B06C-C916-4388-A8F1-635BD447CBC5}.Ad-Hoc|iPhoneSimulator.Build.0 = Release|Any CPU
		{2454B06C-C916-4388-A8F1-635BD447CBC5}.Ad-Hoc|x86.ActiveCfg = Release|Any CPU
		{2454B06C-C916-4388-A8F1-635BD447CBC5}.Ad-Hoc|x86.Build.0 = Release|Any CPU
		{2454B06C-C916-4388-A8F1-635BD447CBC5}.AppStore|Any CPU.ActiveCfg = Release|Any CPU
		{2454B06C-C916-4388-A8F1-635BD447CBC5}.AppStore|Any CPU.Build.0 = Release|Any CPU
		{2454B06C-C916-4388-A8F1-635BD447CBC5}.AppStore|ARM.ActiveCfg = Release|Any CPU
		{2454B06C-C916-4388-A8F1-635BD447CBC5}.AppStore|ARM.Build.0 = Release|Any CPU
		{2454B06C-C916-4388-A8F1-635BD447CBC5}.AppStore|iPhone.ActiveCfg = Release|Any CPU
		{2454B06C-C916-4388-A8F1-635BD447CBC5}.AppStore|iPhone.Build.0 = Release|Any CPU
		{2454B06C-C916-4388-A8F1-635BD447CBC5}.AppStore|iPhoneSimulator.ActiveCfg = Release|Any CPU
		{2454B06C-C916-4388-A8F1-635BD447CBC5}.AppStore|iPhoneSimulator.Build.0 = Release|Any CPU
		{2454B06C-C916-4388-A8F1-635BD447CBC5}.AppStore|x86.ActiveCfg = Release|Any CPU
		{2454B06C-C916-4388-A8F1-635BD447CBC5}.AppStore|x86.Build.0 = Release|Any CPU
		{2454B06C-C916-4388-A8F1-635BD447CBC5}.Debug|Any CPU.ActiveCfg = Debug|Any CPU
		{2454B06C-C916-4388-A8F1-635BD447CBC5}.Debug|Any CPU.Build.0 = Debug|Any CPU
		{2454B06C-C916-4388-A8F1-635BD447CBC5}.Debug|ARM.ActiveCfg = Debug|Any CPU
		{2454B06C-C916-4388-A8F1-635BD447CBC5}.Debug|ARM.Build.0 = Debug|Any CPU
		{2454B06C-C916-4388-A8F1-635BD447CBC5}.Debug|iPhone.ActiveCfg = Debug|Any CPU
		{2454B06C-C916-4388-A8F1-635BD447CBC5}.Debug|iPhone.Build.0 = Debug|Any CPU
		{2454B06C-C916-4388-A8F1-635BD447CBC5}.Debug|iPhoneSimulator.ActiveCfg = Debug|Any CPU
		{2454B06C-C916-4388-A8F1-635BD447CBC5}.Debug|iPhoneSimulator.Build.0 = Debug|Any CPU
		{2454B06C-C916-4388-A8F1-635BD447CBC5}.Debug|x86.ActiveCfg = Debug|Any CPU
		{2454B06C-C916-4388-A8F1-635BD447CBC5}.Debug|x86.Build.0 = Debug|Any CPU
		{2454B06C-C916-4388-A8F1-635BD447CBC5}.Release|Any CPU.ActiveCfg = Release|Any CPU
		{2454B06C-C916-4388-A8F1-635BD447CBC5}.Release|Any CPU.Build.0 = Release|Any CPU
		{2454B06C-C916-4388-A8F1-635BD447CBC5}.Release|ARM.ActiveCfg = Release|Any CPU
		{2454B06C-C916-4388-A8F1-635BD447CBC5}.Release|ARM.Build.0 = Release|Any CPU
		{2454B06C-C916-4388-A8F1-635BD447CBC5}.Release|iPhone.ActiveCfg = Release|Any CPU
		{2454B06C-C916-4388-A8F1-635BD447CBC5}.Release|iPhone.Build.0 = Release|Any CPU
		{2454B06C-C916-4388-A8F1-635BD447CBC5}.Release|iPhoneSimulator.ActiveCfg = Release|Any CPU
		{2454B06C-C916-4388-A8F1-635BD447CBC5}.Release|iPhoneSimulator.Build.0 = Release|Any CPU
		{2454B06C-C916-4388-A8F1-635BD447CBC5}.Release|x86.ActiveCfg = Release|Any CPU
		{2454B06C-C916-4388-A8F1-635BD447CBC5}.Release|x86.Build.0 = Release|Any CPU
	EndGlobalSection
	GlobalSection(SolutionProperties) = preSolution
		HideSolutionNode = FALSE
	EndGlobalSection
EndGlobal
